{
    "_meta": {
        "hash": {
            "sha256": "3d00cd0f3aee214c22254180031088134a38b49e390551d742425c49af685126"
        },
        "pipfile-spec": 6,
        "requires": {},
        "sources": [
            {
                "name": "pypi",
                "url": "https://pypi.python.org/simple",
                "verify_ssl": true
            }
        ]
    },
    "default": {
        "argparse": {
            "hashes": [
                "sha256:62b089a55be1d8949cd2bc7e0df0bddb9e028faefc8c32038cc84862aefdd6e4",
                "sha256:c31647edb69fd3d465a847ea3157d37bed1f95f19760b11a47aa91c04b666314"
            ],
            "index": "pypi",
            "version": "==1.4.0"
        },
        "glue": {
            "hashes": [
                "sha256:a4e1bad4e32d4a8cae0cffd0aaa81d8d386aa37db4c10facf9847c03d4cfc193"
            ],
            "index": "pypi",
            "version": "==0.13"
        },
        "jinja2": {
            "hashes": [
                "sha256:2231bace0dfd8d2bf1e5d7e41239c06c9e0ded46e70cc1094a0aa64b0afeb054"
            ],
            "index": "pypi",
            "version": "==2.9.6"
        },
        "markupsafe": {
            "hashes": [
                "sha256:83381342bfc22b3c8c06f2dd93a505413888694302de25add756254beee8449c"
            ],
            "version": "==1.1.0"
        },
        "pillow": {
            "hashes": [
                "sha256:987e1c94a33c93d9b209315bfda9faa54b8edfce6438a1e93ae866ba20de5956"
            ],
            "version": "==5.3.0"
        },
        "py3exiv2": {
            "hashes": [
                "sha256:4042492db49efbdfc53e0afa89509695826b3fb74fb52444ed04f64c229a65f5"
            ],
            "index": "pypi",
            "version": "==0.4.0"
        }
    },
    "develop": {}
}
