{
    "_meta": {
        "hash": {
            "sha256": "28df5049d7a67d48ae815c0fa899fd38d3854ab204f16636eeb2d72d936ecd14"
        },
        "pipfile-spec": 6,
        "requires": {},
        "sources": [
            {
                "name": "pypi",
                "url": "https://pypi.python.org/simple",
                "verify_ssl": true
            }
        ]
    },
    "default": {
        "docopt": {
            "hashes": [
                "sha256:49b3a825280bd66b3aa83585ef59c4a8c82f2c8a522dbe754a8bc8d08c85c491"
            ],
            "index": "pypi",
            "version": "==0.6.2"
        },
        "glue": {
            "hashes": [
                "sha256:a4e1bad4e32d4a8cae0cffd0aaa81d8d386aa37db4c10facf9847c03d4cfc193"
            ],
            "index": "pypi",
            "version": "==0.13"
        },
        "jinja2": {
            "hashes": [
                "sha256:2231bace0dfd8d2bf1e5d7e41239c06c9e0ded46e70cc1094a0aa64b0afeb054"
            ],
            "index": "pypi",
            "version": "==2.9.6"
        },
        "markupsafe": {
            "hashes": [
                "sha256:83381342bfc22b3c8c06f2dd93a505413888694302de25add756254beee8449c"
            ],
            "version": "==1.1.0"
        },
        "pillow": {
            "hashes": [
                "sha256:d7c1c06246b05529f9984435fc4fa5a545ea26606e7f450bdbe00c153f5aeaad"
            ],
            "version": "==5.4.1"
        },
        "py3exiv2": {
            "hashes": [
                "sha256:4042492db49efbdfc53e0afa89509695826b3fb74fb52444ed04f64c229a65f5"
            ],
            "index": "pypi",
            "version": "==0.4.0"
        }
    },
    "develop": {}
}
